
Microsoft Visual Studio Solution File, Format Version 12.00
# Visual Studio Version 17
VisualStudioVersion = 17.14.36511.14 d17.14
MinimumVisualStudioVersion = 10.0.40219.1
Project("{2150E333-8FDC-42A3-9474-1A3956D46DE8}") = "src", "src", "{02EA681E-C7D8-13C7-8484-4AC65E1B71E8}"
EndProject
Project("{2150E333-8FDC-42A3-9474-1A3956D46DE8}") = "tests", "tests", "{A8C816B3-8A28-4A74-B0EE-AA1E0D9C5A75}"
EndProject
Project("{2150E333-8FDC-42A3-9474-1A3956D46DE8}") = "cuda", "cuda", "{8FD362A7-8C1C-493B-95E0-9A843392B650}"
EndProject
Project("{2150E333-8FDC-42A3-9474-1A3956D46DE8}") = "docs", "docs", "{A670343F-8FA5-4BC6-A4B0-A9E2F5A160F8}"
EndProject
Project("{2150E333-8FDC-42A3-9474-1A3956D46DE8}") = "config", "config", "{1F4EFCC2-60F7-4607-959A-07EF82983B53}"
EndProject
Project("{FAE04EC0-301F-11D3-BF4B-00C04F79EFBC}") = "NetraScan.Common", "src\NetraScan.Common\NetraScan.Common.csproj", "{6C599FEF-4D4C-4537-93F8-26C98D2B0833}"
EndProject
Project("{FAE04EC0-301F-11D3-BF4B-00C04F79EFBC}") = "NetraScan.Hardware", "src\NetraScan.Hardware\NetraScan.Hardware.csproj", "{3E2B1801-B23E-428F-BBDE-62EB2355E08D}"
EndProject
Project("{FAE04EC0-301F-11D3-BF4B-00C04F79EFBC}") = "NetraScan.Processing", "src\NetraScan.Processing\NetraScan.Processing.csproj", "{7DFBDE1C-E2CC-40F3-A82A-E7C68B745466}"
EndProject
Project("{FAE04EC0-301F-11D3-BF4B-00C04F79EFBC}") = "NetraScan.Core", "src\NetraScan.Core\NetraScan.Core.csproj", "{8E05F890-D5C6-44DE-A10A-1077F8F81211}"
EndProject
Project("{FAE04EC0-301F-11D3-BF4B-00C04F79EFBC}") = "NetraScan.UI", "src\NetraScan.UI\NetraScan.UI.csproj", "{97A99CCD-3EA0-4FBF-926E-C4F4A836D3C2}"
EndProject
Project("{FAE04EC0-301F-11D3-BF4B-00C04F79EFBC}") = "NetraScan.Common.Tests", "tests\NetraScan.Common.Tests\NetraScan.Common.Tests.csproj", "{57B68C9F-982D-41CF-861F-362F4C7FFE65}"
EndProject
Project("{FAE04EC0-301F-11D3-BF4B-00C04F79EFBC}") = "NetraScan.Hardware.Tests", "tests\NetraScan.Hardware.Tests\NetraScan.Hardware.Tests.csproj", "{5B1DC2A7-06CB-494B-874B-610273DC6F25}"
EndProject
Project("{FAE04EC0-301F-11D3-BF4B-00C04F79EFBC}") = "NetraScan.Processing.Tests", "tests\NetraScan.Processing.Tests\NetraScan.Processing.Tests.csproj", "{96EF9D4A-560F-445F-9087-3BF121E8C983}"
EndProject
Project("{FAE04EC0-301F-11D3-BF4B-00C04F79EFBC}") = "NetraScan.Core.Tests", "tests\NetraScan.Core.Tests\NetraScan.Core.Tests.csproj", "{A2996E97-63A9-47F9-9222-1DCBE48015D0}"
EndProject
Global
	GlobalSection(SolutionConfigurationPlatforms) = preSolution
		Debug|Any CPU = Debug|Any CPU
		Debug|x64 = Debug|x64
		Release|Any CPU = Release|Any CPU
		Release|x64 = Release|x64
	EndGlobalSection
	GlobalSection(ProjectConfigurationPlatforms) = postSolution
		{6C599FEF-4D4C-4537-93F8-26C98D2B0833}.Debug|Any CPU.ActiveCfg = Debug|Any CPU
		{6C599FEF-4D4C-4537-93F8-26C98D2B0833}.Debug|Any CPU.Build.0 = Debug|Any CPU
		{6C599FEF-4D4C-4537-93F8-26C98D2B0833}.Debug|x64.ActiveCfg = Debug|x64
		{6C599FEF-4D4C-4537-93F8-26C98D2B0833}.Debug|x64.Build.0 = Debug|x64
		{6C599FEF-4D4C-4537-93F8-26C98D2B0833}.Release|Any CPU.ActiveCfg = Release|Any CPU
		{6C599FEF-4D4C-4537-93F8-26C98D2B0833}.Release|Any CPU.Build.0 = Release|Any CPU
		{6C599FEF-4D4C-4537-93F8-26C98D2B0833}.Release|x64.ActiveCfg = Release|x64
		{6C599FEF-4D4C-4537-93F8-26C98D2B0833}.Release|x64.Build.0 = Release|x64
		{3E2B1801-B23E-428F-BBDE-62EB2355E08D}.Debug|Any CPU.ActiveCfg = Debug|Any CPU
		{3E2B1801-B23E-428F-BBDE-62EB2355E08D}.Debug|Any CPU.Build.0 = Debug|Any CPU
		{3E2B1801-B23E-428F-BBDE-62EB2355E08D}.Debug|x64.ActiveCfg = Debug|x64
		{3E2B1801-B23E-428F-BBDE-62EB2355E08D}.Debug|x64.Build.0 = Debug|x64
		{3E2B1801-B23E-428F-BBDE-62EB2355E08D}.Release|Any CPU.ActiveCfg = Release|Any CPU
		{3E2B1801-B23E-428F-BBDE-62EB2355E08D}.Release|Any CPU.Build.0 = Release|Any CPU
		{3E2B1801-B23E-428F-BBDE-62EB2355E08D}.Release|x64.ActiveCfg = Release|x64
		{3E2B1801-B23E-428F-BBDE-62EB2355E08D}.Release|x64.Build.0 = Release|x64
		{7DFBDE1C-E2CC-40F3-A82A-E7C68B745466}.Debug|Any CPU.ActiveCfg = Debug|Any CPU
		{7DFBDE1C-E2CC-40F3-A82A-E7C68B745466}.Debug|Any CPU.Build.0 = Debug|Any CPU
		{7DFBDE1C-E2CC-40F3-A82A-E7C68B745466}.Debug|x64.ActiveCfg = Debug|x64
		{7DFBDE1C-E2CC-40F3-A82A-E7C68B745466}.Debug|x64.Build.0 = Debug|x64
		{7DFBDE1C-E2CC-40F3-A82A-E7C68B745466}.Release|Any CPU.ActiveCfg = Release|Any CPU
		{7DFBDE1C-E2CC-40F3-A82A-E7C68B745466}.Release|Any CPU.Build.0 = Release|Any CPU
		{7DFBDE1C-E2CC-40F3-A82A-E7C68B745466}.Release|x64.ActiveCfg = Release|x64
		{7DFBDE1C-E2CC-40F3-A82A-E7C68B745466}.Release|x64.Build.0 = Release|x64
		{8E05F890-D5C6-44DE-A10A-1077F8F81211}.Debug|Any CPU.ActiveCfg = Debug|Any CPU
		{8E05F890-D5C6-44DE-A10A-1077F8F81211}.Debug|Any CPU.Build.0 = Debug|Any CPU
		{8E05F890-D5C6-44DE-A10A-1077F8F81211}.Debug|x64.ActiveCfg = Debug|x64
		{8E05F890-D5C6-44DE-A10A-1077F8F81211}.Debug|x64.Build.0 = Debug|x64
		{8E05F890-D5C6-44DE-A10A-1077F8F81211}.Release|Any CPU.ActiveCfg = Release|Any CPU
		{8E05F890-D5C6-44DE-A10A-1077F8F81211}.Release|Any CPU.Build.0 = Release|Any CPU
		{8E05F890-D5C6-44DE-A10A-1077F8F81211}.Release|x64.ActiveCfg = Release|x64
		{8E05F890-D5C6-44DE-A10A-1077F8F81211}.Release|x64.Build.0 = Release|x64
		{97A99CCD-3EA0-4FBF-926E-C4F4A836D3C2}.Debug|Any CPU.ActiveCfg = Debug|Any CPU
		{97A99CCD-3EA0-4FBF-926E-C4F4A836D3C2}.Debug|Any CPU.Build.0 = Debug|Any CPU
		{97A99CCD-3EA0-4FBF-926E-C4F4A836D3C2}.Debug|x64.ActiveCfg = Debug|x64
		{97A99CCD-3EA0-4FBF-926E-C4F4A836D3C2}.Debug|x64.Build.0 = Debug|x64
		{97A99CCD-3EA0-4FBF-926E-C4F4A836D3C2}.Release|Any CPU.ActiveCfg = Release|Any CPU
		{97A99CCD-3EA0-4FBF-926E-C4F4A836D3C2}.Release|Any CPU.Build.0 = Release|Any CPU
		{97A99CCD-3EA0-4FBF-926E-C4F4A836D3C2}.Release|x64.ActiveCfg = Release|x64
		{97A99CCD-3EA0-4FBF-926E-C4F4A836D3C2}.Release|x64.Build.0 = Release|x64
		{57B68C9F-982D-41CF-861F-362F4C7FFE65}.Debug|Any CPU.ActiveCfg = Debug|Any CPU
		{57B68C9F-982D-41CF-861F-362F4C7FFE65}.Debug|Any CPU.Build.0 = Debug|Any CPU
		{57B68C9F-982D-41CF-861F-362F4C7FFE65}.Debug|x64.ActiveCfg = Debug|x64
		{57B68C9F-982D-41CF-861F-362F4C7FFE65}.Debug|x64.Build.0 = Debug|x64
		{57B68C9F-982D-41CF-861F-362F4C7FFE65}.Release|Any CPU.ActiveCfg = Release|Any CPU
		{57B68C9F-982D-41CF-861F-362F4C7FFE65}.Release|Any CPU.Build.0 = Release|Any CPU
		{57B68C9F-982D-41CF-861F-362F4C7FFE65}.Release|x64.ActiveCfg = Release|x64
		{57B68C9F-982D-41CF-861F-362F4C7FFE65}.Release|x64.Build.0 = Release|x64
		{5B1DC2A7-06CB-494B-874B-610273DC6F25}.Debug|Any CPU.ActiveCfg = Debug|Any CPU
		{5B1DC2A7-06CB-494B-874B-610273DC6F25}.Debug|Any CPU.Build.0 = Debug|Any CPU
		{5B1DC2A7-06CB-494B-874B-610273DC6F25}.Debug|x64.ActiveCfg = Debug|x64
		{5B1DC2A7-06CB-494B-874B-610273DC6F25}.Debug|x64.Build.0 = Debug|x64
		{5B1DC2A7-06CB-494B-874B-610273DC6F25}.Release|Any CPU.ActiveCfg = Release|Any CPU
		{5B1DC2A7-06CB-494B-874B-610273DC6F25}.Release|Any CPU.Build.0 = Release|Any CPU
		{5B1DC2A7-06CB-494B-874B-610273DC6F25}.Release|x64.ActiveCfg = Release|x64
		{5B1DC2A7-06CB-494B-874B-610273DC6F25}.Release|x64.Build.0 = Release|x64
		{96EF9D4A-560F-445F-9087-3BF121E8C983}.Debug|Any CPU.ActiveCfg = Debug|Any CPU
		{96EF9D4A-560F-445F-9087-3BF121E8C983}.Debug|Any CPU.Build.0 = Debug|Any CPU
		{96EF9D4A-560F-445F-9087-3BF121E8C983}.Debug|x64.ActiveCfg = Debug|x64
		{96EF9D4A-560F-445F-9087-3BF121E8C983}.Debug|x64.Build.0 = Debug|x64
		{96EF9D4A-560F-445F-9087-3BF121E8C983}.Release|Any CPU.ActiveCfg = Release|Any CPU
		{96EF9D4A-560F-445F-9087-3BF121E8C983}.Release|Any CPU.Build.0 = Release|Any CPU
		{96EF9D4A-560F-445F-9087-3BF121E8C983}.Release|x64.ActiveCfg = Release|x64
		{96EF9D4A-560F-445F-9087-3BF121E8C983}.Release|x64.Build.0 = Release|x64
		{A2996E97-63A9-47F9-9222-1DCBE48015D0}.Debug|Any CPU.ActiveCfg = Debug|Any CPU
		{A2996E97-63A9-47F9-9222-1DCBE48015D0}.Debug|Any CPU.Build.0 = Debug|Any CPU
		{A2996E97-63A9-47F9-9222-1DCBE48015D0}.Debug|x64.ActiveCfg = Debug|x64
		{A2996E97-63A9-47F9-9222-1DCBE48015D0}.Debug|x64.Build.0 = Debug|x64
		{A2996E97-63A9-47F9-9222-1DCBE48015D0}.Release|Any CPU.ActiveCfg = Release|Any CPU
		{A2996E97-63A9-47F9-9222-1DCBE48015D0}.Release|Any CPU.Build.0 = Release|Any CPU
		{A2996E97-63A9-47F9-9222-1DCBE48015D0}.Release|x64.ActiveCfg = Release|x64
		{A2996E97-63A9-47F9-9222-1DCBE48015D0}.Release|x64.Build.0 = Release|x64
	EndGlobalSection
	GlobalSection(SolutionProperties) = preSolution
		HideSolutionNode = FALSE
	EndGlobalSection
	GlobalSection(NestedProjects) = preSolution
		{6C599FEF-4D4C-4537-93F8-26C98D2B0833} = {02EA681E-C7D8-13C7-8484-4AC65E1B71E8}
		{3E2B1801-B23E-428F-BBDE-62EB2355E08D} = {02EA681E-C7D8-13C7-8484-4AC65E1B71E8}
		{7DFBDE1C-E2CC-40F3-A82A-E7C68B745466} = {02EA681E-C7D8-13C7-8484-4AC65E1B71E8}
		{8E05F890-D5C6-44DE-A10A-1077F8F81211} = {02EA681E-C7D8-13C7-8484-4AC65E1B71E8}
		{97A99CCD-3EA0-4FBF-926E-C4F4A836D3C2} = {02EA681E-C7D8-13C7-8484-4AC65E1B71E8}
		{57B68C9F-982D-41CF-861F-362F4C7FFE65} = {A8C816B3-8A28-4A74-B0EE-AA1E0D9C5A75}
		{5B1DC2A7-06CB-494B-874B-610273DC6F25} = {A8C816B3-8A28-4A74-B0EE-AA1E0D9C5A75}
		{96EF9D4A-560F-445F-9087-3BF121E8C983} = {A8C816B3-8A28-4A74-B0EE-AA1E0D9C5A75}
		{A2996E97-63A9-47F9-9222-1DCBE48015D0} = {A8C816B3-8A28-4A74-B0EE-AA1E0D9C5A75}
	EndGlobalSection
	GlobalSection(ExtensibilityGlobals) = postSolution
		SolutionGuid = {90ADE39D-8583-42BD-A5AD-68E5E074D5E3}
	EndGlobalSection
EndGlobal
